// !$*UTF8*$!
{
	archiveVersion = 1;
	classes = {
	};
	objectVersion = 46;
	objects = {

/* Begin PBXBuildFile section */
		C9D834851EFAE4AC00CA100D /* AppDelegate.swift in Sources */ = {isa = PBXBuildFile; fileRef = C9D834841EFAE4AC00CA100D /* AppDelegate.swift */; };
		C9D834881EFAE4AC00CA100D /* Blog_Reader.xcdatamodeld in Sources */ = {isa = PBXBuildFile; fileRef = C9D834861EFAE4AC00CA100D /* Blog_Reader.xcdatamodeld */; };
		C9D8348A1EFAE4AC00CA100D /* MasterViewController.swift in Sources */ = {isa = PBXBuildFile; fileRef = C9D834891EFAE4AC00CA100D /* MasterViewController.swift */; };
		C9D8348C1EFAE4AC00CA100D /* DetailViewController.swift in Sources */ = {isa = PBXBuildFile; fileRef = C9D8348B1EFAE4AC00CA100D /* DetailViewController.swift */; };
		C9D8348F1EFAE4AC00CA100D /* Main.storyboard in Resources */ = {isa = PBXBuildFile; fileRef = C9D8348D1EFAE4AC00CA100D /* Main.storyboard */; };
		C9D834911EFAE4AC00CA100D /* Assets.xcassets in Resources */ = {isa = PBXBuildFile; fileRef = C9D834901EFAE4AC00CA100D /* Assets.xcassets */; };
		C9D834941EFAE4AC00CA100D /* LaunchScreen.storyboard in Resources */ = {isa = PBXBuildFile; fileRef = C9D834921EFAE4AC00CA100D /* LaunchScreen.storyboard */; };
/* End PBXBuildFile section */

/* Begin PBXFileReference section */
		C9D834811EFAE4AC00CA100D /* Blog Reader.app */ = {isa = PBXFileReference; explicitFileType = wrapper.application; includeInIndex = 0; path = "Blog Reader.app"; sourceTree = BUILT_PRODUCTS_DIR; };
		C9D834841EFAE4AC00CA100D /* AppDelegate.swift */ = {isa = PBXFileReference; lastKnownFileType = sourcecode.swift; path = AppDelegate.swift; sourceTree = "<group>"; };
		C9D834871EFAE4AC00CA100D /* Blog_Reader.xcdatamodel */ = {isa = PBXFileReference; lastKnownFileType = wrapper.xcdatamodel; path = Blog_Reader.xcdatamodel; sourceTree = "<group>"; };
		C9D834891EFAE4AC00CA100D /* MasterViewController.swift */ = {isa = PBXFileReference; lastKnownFileType = sourcecode.swift; path = MasterViewController.swift; sourceTree = "<group>"; };
		C9D8348B1EFAE4AC00CA100D /* DetailViewController.swift */ = {isa = PBXFileReference; lastKnownFileType = sourcecode.swift; path = DetailViewController.swift; sourceTree = "<group>"; };
		C9D8348E1EFAE4AC00CA100D /* Base */ = {isa = PBXFileReference; lastKnownFileType = file.storyboard; name = Base; path = Base.lproj/Main.storyboard; sourceTree = "<group>"; };
		C9D834901EFAE4AC00CA100D /* Assets.xcassets */ = {isa = PBXFileReference; lastKnownFileType = folder.assetcatalog; path = Assets.xcassets; sourceTree = "<group>"; };
		C9D834931EFAE4AC00CA100D /* Base */ = {isa = PBXFileReference; lastKnownFileType = file.storyboard; name = Base; path = Base.lproj/LaunchScreen.storyboard; sourceTree = "<group>"; };
		C9D834951EFAE4AC00CA100D /* Info.plist */ = {isa = PBXFileReference; lastKnownFileType = text.plist.xml; path = Info.plist; sourceTree = "<group>"; };
/* End PBXFileReference section */

/* Begin PBXFrameworksBuildPhase section */
		C9D8347E1EFAE4AC00CA100D /* Frameworks */ = {
			isa = PBXFrameworksBuildPhase;
			buildActionMask = 2147483647;
			files = (
			);
			runOnlyForDeploymentPostprocessing = 0;
		};
/* End PBXFrameworksBuildPhase section */

/* Begin PBXGroup section */
		C9D834781EFAE4AC00CA100D = {
			isa = PBXGroup;
			children = (
				C9D834831EFAE4AC00CA100D /* Blog Reader */,
				C9D834821EFAE4AC00CA100D /* Products */,
			);
			sourceTree = "<group>";
		};
		C9D834821EFAE4AC00CA100D /* Products */ = {
			isa = PBXGroup;
			children = (
				C9D834811EFAE4AC00CA100D /* Blog Reader.app */,
			);
			name = Products;
			sourceTree = "<group>";
		};
		C9D834831EFAE4AC00CA100D /* Blog Reader */ = {
			isa = PBXGroup;
			children = (
				C9D834841EFAE4AC00CA100D /* AppDelegate.swift */,
				C9D834891EFAE4AC00CA100D /* MasterViewController.swift */,
				C9D8348B1EFAE4AC00CA100D /* DetailViewController.swift */,
				C9D8348D1EFAE4AC00CA100D /* Main.storyboard */,
				C9D834901EFAE4AC00CA100D /* Assets.xcassets */,
				C9D834921EFAE4AC00CA100D /* LaunchScreen.storyboard */,
				C9D834951EFAE4AC00CA100D /* Info.plist */,
				C9D834861EFAE4AC00CA100D /* Blog_Reader.xcdatamodeld */,
			);
			path = "Blog Reader";
			sourceTree = "<group>";
		};
/* End PBXGroup section */

/* Begin PBXNativeTarget section */
		C9D834801EFAE4AC00CA100D /* Blog Reader */ = {
			isa = PBXNativeTarget;
			buildConfigurationList = C9D834981EFAE4AC00CA100D /* Build configuration list for PBXNativeTarget "Blog Reader" */;
			buildPhases = (
				C9D8347D1EFAE4AC00CA100D /* Sources */,
				C9D8347E1EFAE4AC00CA100D /* Frameworks */,
				C9D8347F1EFAE4AC00CA100D /* Resources */,
			);
			buildRules = (
			);
			dependencies = (
			);
			name = "Blog Reader";
			productName = "Blog Reader";
			productReference = C9D834811EFAE4AC00CA100D /* Blog Reader.app */;
			productType = "com.apple.product-type.application";
		};
/* End PBXNativeTarget section */

/* Begin PBXProject section */
		C9D834791EFAE4AC00CA100D /* Project object */ = {
			isa = PBXProject;
			attributes = {
				LastSwiftUpdateCheck = 0830;
				LastUpgradeCheck = 0830;
				ORGANIZATIONNAME = "Matthew J. Perkins";
				TargetAttributes = {
					C9D834801EFAE4AC00CA100D = {
						CreatedOnToolsVersion = 8.3.2;
						DevelopmentTeam = 6DW6U2V44H;
						ProvisioningStyle = Automatic;
					};
				};
			};
			buildConfigurationList = C9D8347C1EFAE4AC00CA100D /* Build configuration list for PBXProject "Blog Reader" */;
			compatibilityVersion = "Xcode 3.2";
			developmentRegion = English;
			hasScannedForEncodings = 0;
			knownRegions = (
				en,
				Base,
			);
			mainGroup = C9D834781EFAE4AC00CA100D;
			productRefGroup = C9D834821EFAE4AC00CA100D /* Products */;
			projectDirPath = "";
			projectRoot = "";
			targets = (
				C9D834801EFAE4AC00CA100D /* Blog Reader */,
			);
		};
/* End PBXProject section */

/* Begin PBXResourcesBuildPhase section */
		C9D8347F1EFAE4AC00CA100D /* Resources */ = {
			isa = PBXResourcesBuildPhase;
			buildActionMask = 2147483647;
			files = (
				C9D834941EFAE4AC00CA100D /* LaunchScreen.storyboard in Resources */,
				C9D834911EFAE4AC00CA100D /* Assets.xcassets in Resources */,
				C9D8348F1EFAE4AC00CA100D /* Main.storyboard in Resources */,
			);
			runOnlyForDeploymentPostprocessing = 0;
		};
/* End PBXResourcesBuildPhase section */

/* Begin PBXSourcesBuildPhase section */
		C9D8347D1EFAE4AC00CA100D /* Sources */ = {
			isa = PBXSourcesBuildPhase;
			buildActionMask = 2147483647;
			files = (
				C9D834881EFAE4AC00CA100D /* Blog_Reader.xcdatamodeld in Sources */,
				C9D834851EFAE4AC00CA100D /* AppDelegate.swift in Sources */,
				C9D8348A1EFAE4AC00CA100D /* MasterViewController.swift in Sources */,
				C9D8348C1EFAE4AC00CA100D /* DetailViewController.swift in Sources */,
			);
			runOnlyForDeploymentPostprocessing = 0;
		};
/* End PBXSourcesBuildPhase section */

/* Begin PBXVariantGroup section */
		C9D8348D1EFAE4AC00CA100D /* Main.storyboard */ = {
			isa = PBXVariantGroup;
			children = (
				C9D8348E1EFAE4AC00CA100D /* Base */,
			);
			name = Main.storyboard;
			sourceTree = "<group>";
		};
		C9D834921EFAE4AC00CA100D /* LaunchScreen.storyboard */ = {
			isa = PBXVariantGroup;
			children = (
				C9D834931EFAE4AC00CA100D /* Base */,
			);
			name = LaunchScreen.storyboard;
			sourceTree = "<group>";
		};
/* End PBXVariantGroup section */

/* Begin XCBuildConfiguration section */
		C9D834961EFAE4AC00CA100D /* Debug */ = {
			isa = XCBuildConfiguration;
			buildSettings = {
				ALWAYS_SEARCH_USER_PATHS = NO;
				CLANG_ANALYZER_NONNULL = YES;
				CLANG_ANALYZER_NUMBER_OBJECT_CONVERSION = YES_AGGRESSIVE;
				CLANG_CXX_LANGUAGE_STANDARD = "gnu++0x";
				CLANG_CXX_LIBRARY = "libc++";
				CLANG_ENABLE_MODULES = YES;
				CLANG_ENABLE_OBJC_ARC = YES;
				CLANG_WARN_BOOL_CONVERSION = YES;
				CLANG_WARN_CONSTANT_CONVERSION = YES;
				CLANG_WARN_DIRECT_OBJC_ISA_USAGE = YES_ERROR;
				CLANG_WARN_DOCUMENTATION_COMMENTS = YES;
				CLANG_WARN_EMPTY_BODY = YES;
				CLANG_WARN_ENUM_CONVERSION = YES;
				CLANG_WARN_INFINITE_RECURSION = YES;
				CLANG_WARN_INT_CONVERSION = YES;
				CLANG_WARN_OBJC_ROOT_CLASS = YES_ERROR;
				CLANG_WARN_SUSPICIOUS_MOVE = YES;
				CLANG_WARN_UNREACHABLE_CODE = YES;
				CLANG_WARN__DUPLICATE_METHOD_MATCH = YES;
				"CODE_SIGN_IDENTITY[sdk=iphoneos*]" = "iPhone Developer";
				COPY_PHASE_STRIP = NO;
				DEBUG_INFORMATION_FORMAT = dwarf;
				ENABLE_STRICT_OBJC_MSGSEND = YES;
				ENABLE_TESTABILITY = YES;
				GCC_C_LANGUAGE_STANDARD = gnu99;
				GCC_DYNAMIC_NO_PIC = NO;
				GCC_NO_COMMON_BLOCKS = YES;
				GCC_OPTIMIZATION_LEVEL = 0;
				GCC_PREPROCESSOR_DEFINITIONS = (
					"DEBUG=1",
					"$(inherited)",
				);
				GCC_WARN_64_TO_32_BIT_CONVERSION = YES;
				GCC_WARN_ABOUT_RETURN_TYPE = YES_ERROR;
				GCC_WARN_UNDECLARED_SELECTOR = YES;
				GCC_WARN_UNINITIALIZED_AUTOS = YES_AGGRESSIVE;
				GCC_WARN_UNUSED_FUNCTION = YES;
				GCC_WARN_UNUSED_VARIABLE = YES;
				IPHONEOS_DEPLOYMENT_TARGET = 10.3;
				MTL_ENABLE_DEBUG_INFO = YES;
				ONLY_ACTIVE_ARCH = YES;
				SDKROOT = iphoneos;
				SWIFT_ACTIVE_COMPILATION_CONDITIONS = DEBUG;
				SWIFT_OPTIMIZATION_LEVEL = "-Onone";
			};
			name = Debug;
		};
		C9D834971EFAE4AC00CA100D /* Release */ = {
			isa = XCBuildConfiguration;
			buildSettings = {
				ALWAYS_SEARCH_USER_PATHS = NO;
				CLANG_ANALYZER_NONNULL = YES;
				CLANG_ANALYZER_NUMBER_OBJECT_CONVERSION = YES_AGGRESSIVE;
				CLANG_CXX_LANGUAGE_STANDARD = "gnu++0x";
				CLANG_CXX_LIBRARY = "libc++";
				CLANG_ENABLE_MODULES = YES;
				CLANG_ENABLE_OBJC_ARC = YES;
				CLANG_WARN_BOOL_CONVERSION = YES;
				CLANG_WARN_CONSTANT_CONVERSION = YES;
				CLANG_WARN_DIRECT_OBJC_ISA_USAGE = YES_ERROR;
				CLANG_WARN_DOCUMENTATION_COMMENTS = YES;
				CLANG_WARN_EMPTY_BODY = YES;
				CLANG_WARN_ENUM_CONVERSION = YES;
				CLANG_WARN_INFINITE_RECURSION = YES;
				CLANG_WARN_INT_CONVERSION = YES;
				CLANG_WARN_OBJC_ROOT_CLASS = YES_ERROR;
				CLANG_WARN_SUSPICIOUS_MOVE = YES;
				CLANG_WARN_UNREACHABLE_CODE = YES;
				CLANG_WARN__DUPLICATE_METHOD_MATCH = YES;
				"CODE_SIGN_IDENTITY[sdk=iphoneos*]" = "iPhone Developer";
				COPY_PHASE_STRIP = NO;
				DEBUG_INFORMATION_FORMAT = "dwarf-with-dsym";
				ENABLE_NS_ASSERTIONS = NO;
				ENABLE_STRICT_OBJC_MSGSEND = YES;
				GCC_C_LANGUAGE_STANDARD = gnu99;
				GCC_NO_COMMON_BLOCKS = YES;
				GCC_WARN_64_TO_32_BIT_CONVERSION = YES;
				GCC_WARN_ABOUT_RETURN_TYPE = YES_ERROR;
				GCC_WARN_UNDECLARED_SELECTOR = YES;
				GCC_WARN_UNINITIALIZED_AUTOS = YES_AGGRESSIVE;
				GCC_WARN_UNUSED_FUNCTION = YES;
				GCC_WARN_UNUSED_VARIABLE = YES;
				IPHONEOS_DEPLOYMENT_TARGET = 10.3;
				MTL_ENABLE_DEBUG_INFO = NO;
				SDKROOT = iphoneos;
				SWIFT_OPTIMIZATION_LEVEL = "-Owholemodule";
				VALIDATE_PRODUCT = YES;
			};
			name = Release;
		};
		C9D834991EFAE4AC00CA100D /* Debug */ = {
			isa = XCBuildConfiguration;
			buildSettings = {
				ASSETCATALOG_COMPILER_APPICON_NAME = AppIcon;
				DEVELOPMENT_TEAM = 6DW6U2V44H;
				INFOPLIST_FILE = "Blog Reader/Info.plist";
				LD_RUNPATH_SEARCH_PATHS = "$(inherited) @executable_path/Frameworks";
				PRODUCT_BUNDLE_IDENTIFIER = "Perkins.Blog-Reader";
				PRODUCT_NAME = "$(TARGET_NAME)";
				SWIFT_VERSION = 3.0;
			};
			name = Debug;
		};
		C9D8349A1EFAE4AC00CA100D /* Release */ = {
			isa = XCBuildConfiguration;
			buildSettings = {
				ASSETCATALOG_COMPILER_APPICON_NAME = AppIcon;
				DEVELOPMENT_TEAM = 6DW6U2V44H;
				INFOPLIST_FILE = "Blog Reader/Info.plist";
				LD_RUNPATH_SEARCH_PATHS = "$(inherited) @executable_path/Frameworks";
				PRODUCT_BUNDLE_IDENTIFIER = "Perkins.Blog-Reader";
				PRODUCT_NAME = "$(TARGET_NAME)";
				SWIFT_VERSION = 3.0;
			};
			name = Release;
		};
/* End XCBuildConfiguration section */

/* Begin XCConfigurationList section */
		C9D8347C1EFAE4AC00CA100D /* Build configuration list for PBXProject "Blog Reader" */ = {
			isa = XCConfigurationList;
			buildConfigurations = (
				C9D834961EFAE4AC00CA100D /* Debug */,
				C9D834971EFAE4AC00CA100D /* Release */,
			);
			defaultConfigurationIsVisible = 0;
			defaultConfigurationName = Release;
		};
		C9D834981EFAE4AC00CA100D /* Build configuration list for PBXNativeTarget "Blog Reader" */ = {
			isa = XCConfigurationList;
			buildConfigurations = (
				C9D834991EFAE4AC00CA100D /* Debug */,
				C9D8349A1EFAE4AC00CA100D /* Release */,
			);
			defaultConfigurationIsVisible = 0;
		};
/* End XCConfigurationList section */

/* Begin XCVersionGroup section */
		C9D834861EFAE4AC00CA100D /* Blog_Reader.xcdatamodeld */ = {
			isa = XCVersionGroup;
			children = (
				C9D834871EFAE4AC00CA100D /* Blog_Reader.xcdatamodel */,
			);
			currentVersion = C9D834871EFAE4AC00CA100D /* Blog_Reader.xcdatamodel */;
			path = Blog_Reader.xcdatamodeld;
			sourceTree = "<group>";
			versionGroupType = wrapper.xcdatamodel;
		};
/* End XCVersionGroup section */
	};
	rootObject = C9D834791EFAE4AC00CA100D /* Project object */;
}
